// !$*UTF8*$!
{
	archiveVersion = 1;
	classes = {
	};
	objectVersion = 50;
	objects = {

/* Begin PBXBuildFile section */
		D8B8BAD0259AAB8800C1C13E /* AppDelegate.swift in Sources */ = {isa = PBXBuildFile; fileRef = D8B8BACF259AAB8800C1C13E /* AppDelegate.swift */; };
		D8B8BAD2259AAB8800C1C13E /* SceneDelegate.swift in Sources */ = {isa = PBXBuildFile; fileRef = D8B8BAD1259AAB8800C1C13E /* SceneDelegate.swift */; };
		D8B8BAD4259AAB8800C1C13E /* ViewController.swift in Sources */ = {isa = PBXBuildFile; fileRef = D8B8BAD3259AAB8800C1C13E /* ViewController.swift */; };
		D8B8BAD7259AAB8800C1C13E /* Main.storyboard in Resources */ = {isa = PBXBuildFile; fileRef = D8B8BAD5259AAB8800C1C13E /* Main.storyboard */; };
		D8B8BAD9259AAB8900C1C13E /* Assets.xcassets in Resources */ = {isa = PBXBuildFile; fileRef = D8B8BAD8259AAB8900C1C13E /* Assets.xcassets */; };
		D8B8BADC259AAB8900C1C13E /* LaunchScreen.storyboard in Resources */ = {isa = PBXBuildFile; fileRef = D8B8BADA259AAB8900C1C13E /* LaunchScreen.storyboard */; };
/* End PBXBuildFile section */

/* Begin PBXFileReference section */
		D8B8BACC259AAB8800C1C13E /* First iOS App.app */ = {isa = PBXFileReference; explicitFileType = wrapper.application; includeInIndex = 0; path = "First iOS App.app"; sourceTree = BUILT_PRODUCTS_DIR; };
		D8B8BACF259AAB8800C1C13E /* AppDelegate.swift */ = {isa = PBXFileReference; lastKnownFileType = sourcecode.swift; path = AppDelegate.swift; sourceTree = "<group>"; };
		D8B8BAD1259AAB8800C1C13E /* SceneDelegate.swift */ = {isa = PBXFileReference; lastKnownFileType = sourcecode.swift; path = SceneDelegate.swift; sourceTree = "<group>"; };
		D8B8BAD3259AAB8800C1C13E /* ViewController.swift */ = {isa = PBXFileReference; lastKnownFileType = sourcecode.swift; path = ViewController.swift; sourceTree = "<group>"; };
		D8B8BAD6259AAB8800C1C13E /* Base */ = {isa = PBXFileReference; lastKnownFileType = file.storyboard; name = Base; path = Base.lproj/Main.storyboard; sourceTree = "<group>"; };
		D8B8BAD8259AAB8900C1C13E /* Assets.xcassets */ = {isa = PBXFileReference; lastKnownFileType = folder.assetcatalog; path = Assets.xcassets; sourceTree = "<group>"; };
		D8B8BADB259AAB8900C1C13E /* Base */ = {isa = PBXFileReference; lastKnownFileType = file.storyboard; name = Base; path = Base.lproj/LaunchScreen.storyboard; sourceTree = "<group>"; };
		D8B8BADD259AAB8900C1C13E /* Info.plist */ = {isa = PBXFileReference; lastKnownFileType = text.plist.xml; path = Info.plist; sourceTree = "<group>"; };
/* End PBXFileReference section */

/* Begin PBXFrameworksBuildPhase section */
		D8B8BAC9259AAB8800C1C13E /* Frameworks */ = {
			isa = PBXFrameworksBuildPhase;
			buildActionMask = 2147483647;
			files = (
			);
			runOnlyForDeploymentPostprocessing = 0;
		};
/* End PBXFrameworksBuildPhase section */

/* Begin PBXGroup section */
		D8B8BAC3259AAB8700C1C13E = {
			isa = PBXGroup;
			children = (
				D8B8BACE259AAB8800C1C13E /* First iOS App */,
				D8B8BACD259AAB8800C1C13E /* Products */,
			);
			sourceTree = "<group>";
		};
		D8B8BACD259AAB8800C1C13E /* Products */ = {
			isa = PBXGroup;
			children = (
				D8B8BACC259AAB8800C1C13E /* First iOS App.app */,
			);
			name = Products;
			sourceTree = "<group>";
		};
		D8B8BACE259AAB8800C1C13E /* First iOS App */ = {
			isa = PBXGroup;
			children = (
				D8B8BACF259AAB8800C1C13E /* AppDelegate.swift */,
				D8B8BAD1259AAB8800C1C13E /* SceneDelegate.swift */,
				D8B8BAD3259AAB8800C1C13E /* ViewController.swift */,
				D8B8BAD5259AAB8800C1C13E /* Main.storyboard */,
				D8B8BAD8259AAB8900C1C13E /* Assets.xcassets */,
				D8B8BADA259AAB8900C1C13E /* LaunchScreen.storyboard */,
				D8B8BADD259AAB8900C1C13E /* Info.plist */,
			);
			path = "First iOS App";
			sourceTree = "<group>";
		};
/* End PBXGroup section */

/* Begin PBXNativeTarget section */
		D8B8BACB259AAB8800C1C13E /* First iOS App */ = {
			isa = PBXNativeTarget;
			buildConfigurationList = D8B8BAE0259AAB8900C1C13E /* Build configuration list for PBXNativeTarget "First iOS App" */;
			buildPhases = (
				D8B8BAC8259AAB8800C1C13E /* Sources */,
				D8B8BAC9259AAB8800C1C13E /* Frameworks */,
				D8B8BACA259AAB8800C1C13E /* Resources */,
			);
			buildRules = (
			);
			dependencies = (
			);
			name = "First iOS App";
			productName = "First iOS App";
			productReference = D8B8BACC259AAB8800C1C13E /* First iOS App.app */;
			productType = "com.apple.product-type.application";
		};
/* End PBXNativeTarget section */

/* Begin PBXProject section */
		D8B8BAC4259AAB8700C1C13E /* Project object */ = {
			isa = PBXProject;
			attributes = {
				LastSwiftUpdateCheck = 1170;
				LastUpgradeCheck = 1170;
				ORGANIZATIONNAME = mac08;
				TargetAttributes = {
					D8B8BACB259AAB8800C1C13E = {
						CreatedOnToolsVersion = 11.7;
					};
				};
			};
			buildConfigurationList = D8B8BAC7259AAB8700C1C13E /* Build configuration list for PBXProject "First iOS App" */;
			compatibilityVersion = "Xcode 9.3";
			developmentRegion = en;
			hasScannedForEncodings = 0;
			knownRegions = (
				en,
				Base,
			);
			mainGroup = D8B8BAC3259AAB8700C1C13E;
			productRefGroup = D8B8BACD259AAB8800C1C13E /* Products */;
			projectDirPath = "";
			projectRoot = "";
			targets = (
				D8B8BACB259AAB8800C1C13E /* First iOS App */,
			);
		};
/* End PBXProject section */

/* Begin PBXResourcesBuildPhase section */
		D8B8BACA259AAB8800C1C13E /* Resources */ = {
			isa = PBXResourcesBuildPhase;
			buildActionMask = 2147483647;
			files = (
				D8B8BADC259AAB8900C1C13E /* LaunchScreen.storyboard in Resources */,
				D8B8BAD9259AAB8900C1C13E /* Assets.xcassets in Resources */,
				D8B8BAD7259AAB8800C1C13E /* Main.storyboard in Resources */,
			);
			runOnlyForDeploymentPostprocessing = 0;
		};
/* End PBXResourcesBuildPhase section */

/* Begin PBXSourcesBuildPhase section */
		D8B8BAC8259AAB8800C1C13E /* Sources */ = {
			isa = PBXSourcesBuildPhase;
			buildActionMask = 2147483647;
			files = (
				D8B8BAD4259AAB8800C1C13E /* ViewController.swift in Sources */,
				D8B8BAD0259AAB8800C1C13E /* AppDelegate.swift in Sources */,
				D8B8BAD2259AAB8800C1C13E /* SceneDelegate.swift in Sources */,
			);
			runOnlyForDeploymentPostprocessing = 0;
		};
/* End PBXSourcesBuildPhase section */

/* Begin PBXVariantGroup section */
		D8B8BAD5259AAB8800C1C13E /* Main.storyboard */ = {
			isa = PBXVariantGroup;
			children = (
				D8B8BAD6259AAB8800C1C13E /* Base */,
			);
			name = Main.storyboard;
			sourceTree = "<group>";
		};
		D8B8BADA259AAB8900C1C13E /* LaunchScreen.storyboard */ = {
			isa = PBXVariantGroup;
			children = (
				D8B8BADB259AAB8900C1C13E /* Base */,
			);
			name = LaunchScreen.storyboard;
			sourceTree = "<group>";
		};
/* End PBXVariantGroup section */

/* Begin XCBuildConfiguration section */
		D8B8BADE259AAB8900C1C13E /* Debug */ = {
			isa = XCBuildConfiguration;
			buildSettings = {
				ALWAYS_SEARCH_USER_PATHS = NO;
				CLANG_ANALYZER_NONNULL = YES;
				CLANG_ANALYZER_NUMBER_OBJECT_CONVERSION = YES_AGGRESSIVE;
				CLANG_CXX_LANGUAGE_STANDARD = "gnu++14";
				CLANG_CXX_LIBRARY = "libc++";
				CLANG_ENABLE_MODULES = YES;
				CLANG_ENABLE_OBJC_ARC = YES;
				CLANG_ENABLE_OBJC_WEAK = YES;
				CLANG_WARN_BLOCK_CAPTURE_AUTORELEASING = YES;
				CLANG_WARN_BOOL_CONVERSION = YES;
				CLANG_WARN_COMMA = YES;
				CLANG_WARN_CONSTANT_CONVERSION = YES;
				CLANG_WARN_DEPRECATED_OBJC_IMPLEMENTATIONS = YES;
				CLANG_WARN_DIRECT_OBJC_ISA_USAGE = YES_ERROR;
				CLANG_WARN_DOCUMENTATION_COMMENTS = YES;
				CLANG_WARN_EMPTY_BODY = YES;
				CLANG_WARN_ENUM_CONVERSION = YES;
				CLANG_WARN_INFINITE_RECURSION = YES;
				CLANG_WARN_INT_CONVERSION = YES;
				CLANG_WARN_NON_LITERAL_NULL_CONVERSION = YES;
				CLANG_WARN_OBJC_IMPLICIT_RETAIN_SELF = YES;
				CLANG_WARN_OBJC_LITERAL_CONVERSION = YES;
				CLANG_WARN_OBJC_ROOT_CLASS = YES_ERROR;
				CLANG_WARN_RANGE_LOOP_ANALYSIS = YES;
				CLANG_WARN_STRICT_PROTOTYPES = YES;
				CLANG_WARN_SUSPICIOUS_MOVE = YES;
				CLANG_WARN_UNGUARDED_AVAILABILITY = YES_AGGRESSIVE;
				CLANG_WARN_UNREACHABLE_CODE = YES;
				CLANG_WARN__DUPLICATE_METHOD_MATCH = YES;
				COPY_PHASE_STRIP = NO;
				DEBUG_INFORMATION_FORMAT = dwarf;
				ENABLE_STRICT_OBJC_MSGSEND = YES;
				ENABLE_TESTABILITY = YES;
				GCC_C_LANGUAGE_STANDARD = gnu11;
				GCC_DYNAMIC_NO_PIC = NO;
				GCC_NO_COMMON_BLOCKS = YES;
				GCC_OPTIMIZATION_LEVEL = 0;
				GCC_PREPROCESSOR_DEFINITIONS = (
					"DEBUG=1",
					"$(inherited)",
				);
				GCC_WARN_64_TO_32_BIT_CONVERSION = YES;
				GCC_WARN_ABOUT_RETURN_TYPE = YES_ERROR;
				GCC_WARN_UNDECLARED_SELECTOR = YES;
				GCC_WARN_UNINITIALIZED_AUTOS = YES_AGGRESSIVE;
				GCC_WARN_UNUSED_FUNCTION = YES;
				GCC_WARN_UNUSED_VARIABLE = YES;
				IPHONEOS_DEPLOYMENT_TARGET = 13.7;
				MTL_ENABLE_DEBUG_INFO = INCLUDE_SOURCE;
				MTL_FAST_MATH = YES;
				ONLY_ACTIVE_ARCH = YES;
				SDKROOT = iphoneos;
				SWIFT_ACTIVE_COMPILATION_CONDITIONS = DEBUG;
				SWIFT_OPTIMIZATION_LEVEL = "-Onone";
			};
			name = Debug;
		};
		D8B8BADF259AAB8900C1C13E /* Release */ = {
			isa = XCBuildConfiguration;
			buildSettings = {
				ALWAYS_SEARCH_USER_PATHS = NO;
				CLANG_ANALYZER_NONNULL = YES;
				CLANG_ANALYZER_NUMBER_OBJECT_CONVERSION = YES_AGGRESSIVE;
				CLANG_CXX_LANGUAGE_STANDARD = "gnu++14";
				CLANG_CXX_LIBRARY = "libc++";
				CLANG_ENABLE_MODULES = YES;
				CLANG_ENABLE_OBJC_ARC = YES;
				CLANG_ENABLE_OBJC_WEAK = YES;
				CLANG_WARN_BLOCK_CAPTURE_AUTORELEASING = YES;
				CLANG_WARN_BOOL_CONVERSION = YES;
				CLANG_WARN_COMMA = YES;
				CLANG_WARN_CONSTANT_CONVERSION = YES;
				CLANG_WARN_DEPRECATED_OBJC_IMPLEMENTATIONS = YES;
				CLANG_WARN_DIRECT_OBJC_ISA_USAGE = YES_ERROR;
				CLANG_WARN_DOCUMENTATION_COMMENTS = YES;
				CLANG_WARN_EMPTY_BODY = YES;
				CLANG_WARN_ENUM_CONVERSION = YES;
				CLANG_WARN_INFINITE_RECURSION = YES;
				CLANG_WARN_INT_CONVERSION = YES;
				CLANG_WARN_NON_LITERAL_NULL_CONVERSION = YES;
				CLANG_WARN_OBJC_IMPLICIT_RETAIN_SELF = YES;
				CLANG_WARN_OBJC_LITERAL_CONVERSION = YES;
				CLANG_WARN_OBJC_ROOT_CLASS = YES_ERROR;
				CLANG_WARN_RANGE_LOOP_ANALYSIS = YES;
				CLANG_WARN_STRICT_PROTOTYPES = YES;
				CLANG_WARN_SUSPICIOUS_MOVE = YES;
				CLANG_WARN_UNGUARDED_AVAILABILITY = YES_AGGRESSIVE;
				CLANG_WARN_UNREACHABLE_CODE = YES;
				CLANG_WARN__DUPLICATE_METHOD_MATCH = YES;
				COPY_PHASE_STRIP = NO;
				DEBUG_INFORMATION_FORMAT = "dwarf-with-dsym";
				ENABLE_NS_ASSERTIONS = NO;
				ENABLE_STRICT_OBJC_MSGSEND = YES;
				GCC_C_LANGUAGE_STANDARD = gnu11;
				GCC_NO_COMMON_BLOCKS = YES;
				GCC_WARN_64_TO_32_BIT_CONVERSION = YES;
				GCC_WARN_ABOUT_RETURN_TYPE = YES_ERROR;
				GCC_WARN_UNDECLARED_SELECTOR = YES;
				GCC_WARN_UNINITIALIZED_AUTOS = YES_AGGRESSIVE;
				GCC_WARN_UNUSED_FUNCTION = YES;
				GCC_WARN_UNUSED_VARIABLE = YES;
				IPHONEOS_DEPLOYMENT_TARGET = 13.7;
				MTL_ENABLE_DEBUG_INFO = NO;
				MTL_FAST_MATH = YES;
				SDKROOT = iphoneos;
				SWIFT_COMPILATION_MODE = wholemodule;
				SWIFT_OPTIMIZATION_LEVEL = "-O";
				VALIDATE_PRODUCT = YES;
			};
			name = Release;
		};
		D8B8BAE1259AAB8900C1C13E /* Debug */ = {
			isa = XCBuildConfiguration;
			buildSettings = {
				ASSETCATALOG_COMPILER_APPICON_NAME = AppIcon;
				CODE_SIGN_STYLE = Automatic;
				INFOPLIST_FILE = "First iOS App/Info.plist";
				LD_RUNPATH_SEARCH_PATHS = (
					"$(inherited)",
					"@executable_path/Frameworks",
				);
				PRODUCT_BUNDLE_IDENTIFIER = "com.example.First-iOS-App";
				PRODUCT_NAME = "$(TARGET_NAME)";
				SWIFT_VERSION = 5.0;
				TARGETED_DEVICE_FAMILY = "1,2";
			};
			name = Debug;
		};
		D8B8BAE2259AAB8900C1C13E /* Release */ = {
			isa = XCBuildConfiguration;
			buildSettings = {
				ASSETCATALOG_COMPILER_APPICON_NAME = AppIcon;
				CODE_SIGN_STYLE = Automatic;
				INFOPLIST_FILE = "First iOS App/Info.plist";
				LD_RUNPATH_SEARCH_PATHS = (
					"$(inherited)",
					"@executable_path/Frameworks",
				);
				PRODUCT_BUNDLE_IDENTIFIER = "com.example.First-iOS-App";
				PRODUCT_NAME = "$(TARGET_NAME)";
				SWIFT_VERSION = 5.0;
				TARGETED_DEVICE_FAMILY = "1,2";
			};
			name = Release;
		};
/* End XCBuildConfiguration section */

/* Begin XCConfigurationList section */
		D8B8BAC7259AAB8700C1C13E /* Build configuration list for PBXProject "First iOS App" */ = {
			isa = XCConfigurationList;
			buildConfigurations = (
				D8B8BADE259AAB8900C1C13E /* Debug */,
				D8B8BADF259AAB8900C1C13E /* Release */,
			);
			defaultConfigurationIsVisible = 0;
			defaultConfigurationName = Release;
		};
		D8B8BAE0259AAB8900C1C13E /* Build configuration list for PBXNativeTarget "First iOS App" */ = {
			isa = XCConfigurationList;
			buildConfigurations = (
				D8B8BAE1259AAB8900C1C13E /* Debug */,
				D8B8BAE2259AAB8900C1C13E /* Release */,
			);
			defaultConfigurationIsVisible = 0;
			defaultConfigurationName = Release;
		};
/* End XCConfigurationList section */
	};
	rootObject = D8B8BAC4259AAB8700C1C13E /* Project object */;
}
