// !$*UTF8*$!
{
	archiveVersion = 1;
	classes = {
	};
	objectVersion = 50;
	objects = {

/* Begin PBXBuildFile section */
		D852621C258AD48800E4B934 /* AppDelegate.swift in Sources */ = {isa = PBXBuildFile; fileRef = D852621B258AD48800E4B934 /* AppDelegate.swift */; };
		D852621E258AD48800E4B934 /* SceneDelegate.swift in Sources */ = {isa = PBXBuildFile; fileRef = D852621D258AD48800E4B934 /* SceneDelegate.swift */; };
		D8526220258AD48800E4B934 /* ViewController.swift in Sources */ = {isa = PBXBuildFile; fileRef = D852621F258AD48800E4B934 /* ViewController.swift */; };
		D8526223258AD48800E4B934 /* Main.storyboard in Resources */ = {isa = PBXBuildFile; fileRef = D8526221258AD48800E4B934 /* Main.storyboard */; };
		D8526225258AD48900E4B934 /* Assets.xcassets in Resources */ = {isa = PBXBuildFile; fileRef = D8526224258AD48900E4B934 /* Assets.xcassets */; };
		D8526228258AD48900E4B934 /* LaunchScreen.storyboard in Resources */ = {isa = PBXBuildFile; fileRef = D8526226258AD48900E4B934 /* LaunchScreen.storyboard */; };
		D8526233258AD48900E4B934 /* MortgageCalculatorTests.swift in Sources */ = {isa = PBXBuildFile; fileRef = D8526232258AD48900E4B934 /* MortgageCalculatorTests.swift */; };
		D852623E258AD48900E4B934 /* MortgageCalculatorUITests.swift in Sources */ = {isa = PBXBuildFile; fileRef = D852623D258AD48900E4B934 /* MortgageCalculatorUITests.swift */; };
		D852624D258B008400E4B934 /* Collateral.swift in Sources */ = {isa = PBXBuildFile; fileRef = D852624C258B008400E4B934 /* Collateral.swift */; };
		D852624F258B01AA00E4B934 /* Mortgage.swift in Sources */ = {isa = PBXBuildFile; fileRef = D852624E258B01AA00E4B934 /* Mortgage.swift */; };
/* End PBXBuildFile section */

/* Begin PBXContainerItemProxy section */
		D852622F258AD48900E4B934 /* PBXContainerItemProxy */ = {
			isa = PBXContainerItemProxy;
			containerPortal = D8526210258AD48800E4B934 /* Project object */;
			proxyType = 1;
			remoteGlobalIDString = D8526217258AD48800E4B934;
			remoteInfo = MortgageCalculator;
		};
		D852623A258AD48900E4B934 /* PBXContainerItemProxy */ = {
			isa = PBXContainerItemProxy;
			containerPortal = D8526210258AD48800E4B934 /* Project object */;
			proxyType = 1;
			remoteGlobalIDString = D8526217258AD48800E4B934;
			remoteInfo = MortgageCalculator;
		};
/* End PBXContainerItemProxy section */

/* Begin PBXFileReference section */
		D8526218258AD48800E4B934 /* MortgageCalculator.app */ = {isa = PBXFileReference; explicitFileType = wrapper.application; includeInIndex = 0; path = MortgageCalculator.app; sourceTree = BUILT_PRODUCTS_DIR; };
		D852621B258AD48800E4B934 /* AppDelegate.swift */ = {isa = PBXFileReference; lastKnownFileType = sourcecode.swift; path = AppDelegate.swift; sourceTree = "<group>"; };
		D852621D258AD48800E4B934 /* SceneDelegate.swift */ = {isa = PBXFileReference; lastKnownFileType = sourcecode.swift; path = SceneDelegate.swift; sourceTree = "<group>"; };
		D852621F258AD48800E4B934 /* ViewController.swift */ = {isa = PBXFileReference; lastKnownFileType = sourcecode.swift; path = ViewController.swift; sourceTree = "<group>"; };
		D8526222258AD48800E4B934 /* Base */ = {isa = PBXFileReference; lastKnownFileType = file.storyboard; name = Base; path = Base.lproj/Main.storyboard; sourceTree = "<group>"; };
		D8526224258AD48900E4B934 /* Assets.xcassets */ = {isa = PBXFileReference; lastKnownFileType = folder.assetcatalog; path = Assets.xcassets; sourceTree = "<group>"; };
		D8526227258AD48900E4B934 /* Base */ = {isa = PBXFileReference; lastKnownFileType = file.storyboard; name = Base; path = Base.lproj/LaunchScreen.storyboard; sourceTree = "<group>"; };
		D8526229258AD48900E4B934 /* Info.plist */ = {isa = PBXFileReference; lastKnownFileType = text.plist.xml; path = Info.plist; sourceTree = "<group>"; };
		D852622E258AD48900E4B934 /* MortgageCalculatorTests.xctest */ = {isa = PBXFileReference; explicitFileType = wrapper.cfbundle; includeInIndex = 0; path = MortgageCalculatorTests.xctest; sourceTree = BUILT_PRODUCTS_DIR; };
		D8526232258AD48900E4B934 /* MortgageCalculatorTests.swift */ = {isa = PBXFileReference; lastKnownFileType = sourcecode.swift; path = MortgageCalculatorTests.swift; sourceTree = "<group>"; };
		D8526234258AD48900E4B934 /* Info.plist */ = {isa = PBXFileReference; lastKnownFileType = text.plist.xml; path = Info.plist; sourceTree = "<group>"; };
		D8526239258AD48900E4B934 /* MortgageCalculatorUITests.xctest */ = {isa = PBXFileReference; explicitFileType = wrapper.cfbundle; includeInIndex = 0; path = MortgageCalculatorUITests.xctest; sourceTree = BUILT_PRODUCTS_DIR; };
		D852623D258AD48900E4B934 /* MortgageCalculatorUITests.swift */ = {isa = PBXFileReference; lastKnownFileType = sourcecode.swift; path = MortgageCalculatorUITests.swift; sourceTree = "<group>"; };
		D852623F258AD48900E4B934 /* Info.plist */ = {isa = PBXFileReference; lastKnownFileType = text.plist.xml; path = Info.plist; sourceTree = "<group>"; };
		D852624C258B008400E4B934 /* Collateral.swift */ = {isa = PBXFileReference; lastKnownFileType = sourcecode.swift; path = Collateral.swift; sourceTree = "<group>"; };
		D852624E258B01AA00E4B934 /* Mortgage.swift */ = {isa = PBXFileReference; lastKnownFileType = sourcecode.swift; path = Mortgage.swift; sourceTree = "<group>"; };
/* End PBXFileReference section */

/* Begin PBXFrameworksBuildPhase section */
		D8526215258AD48800E4B934 /* Frameworks */ = {
			isa = PBXFrameworksBuildPhase;
			buildActionMask = 2147483647;
			files = (
			);
			runOnlyForDeploymentPostprocessing = 0;
		};
		D852622B258AD48900E4B934 /* Frameworks */ = {
			isa = PBXFrameworksBuildPhase;
			buildActionMask = 2147483647;
			files = (
			);
			runOnlyForDeploymentPostprocessing = 0;
		};
		D8526236258AD48900E4B934 /* Frameworks */ = {
			isa = PBXFrameworksBuildPhase;
			buildActionMask = 2147483647;
			files = (
			);
			runOnlyForDeploymentPostprocessing = 0;
		};
/* End PBXFrameworksBuildPhase section */

/* Begin PBXGroup section */
		D852620F258AD48800E4B934 = {
			isa = PBXGroup;
			children = (
				D852621A258AD48800E4B934 /* MortgageCalculator */,
				D8526231258AD48900E4B934 /* MortgageCalculatorTests */,
				D852623C258AD48900E4B934 /* MortgageCalculatorUITests */,
				D8526219258AD48800E4B934 /* Products */,
			);
			sourceTree = "<group>";
		};
		D8526219258AD48800E4B934 /* Products */ = {
			isa = PBXGroup;
			children = (
				D8526218258AD48800E4B934 /* MortgageCalculator.app */,
				D852622E258AD48900E4B934 /* MortgageCalculatorTests.xctest */,
				D8526239258AD48900E4B934 /* MortgageCalculatorUITests.xctest */,
			);
			name = Products;
			sourceTree = "<group>";
		};
		D852621A258AD48800E4B934 /* MortgageCalculator */ = {
			isa = PBXGroup;
			children = (
				D852624B258B004000E4B934 /* Models */,
				D852621B258AD48800E4B934 /* AppDelegate.swift */,
				D852621D258AD48800E4B934 /* SceneDelegate.swift */,
				D852621F258AD48800E4B934 /* ViewController.swift */,
				D8526221258AD48800E4B934 /* Main.storyboard */,
				D8526224258AD48900E4B934 /* Assets.xcassets */,
				D8526226258AD48900E4B934 /* LaunchScreen.storyboard */,
				D8526229258AD48900E4B934 /* Info.plist */,
			);
			path = MortgageCalculator;
			sourceTree = "<group>";
		};
		D8526231258AD48900E4B934 /* MortgageCalculatorTests */ = {
			isa = PBXGroup;
			children = (
				D8526232258AD48900E4B934 /* MortgageCalculatorTests.swift */,
				D8526234258AD48900E4B934 /* Info.plist */,
			);
			path = MortgageCalculatorTests;
			sourceTree = "<group>";
		};
		D852623C258AD48900E4B934 /* MortgageCalculatorUITests */ = {
			isa = PBXGroup;
			children = (
				D852623D258AD48900E4B934 /* MortgageCalculatorUITests.swift */,
				D852623F258AD48900E4B934 /* Info.plist */,
			);
			path = MortgageCalculatorUITests;
			sourceTree = "<group>";
		};
		D852624B258B004000E4B934 /* Models */ = {
			isa = PBXGroup;
			children = (
				D852624C258B008400E4B934 /* Collateral.swift */,
				D852624E258B01AA00E4B934 /* Mortgage.swift */,
			);
			path = Models;
			sourceTree = "<group>";
		};
/* End PBXGroup section */

/* Begin PBXNativeTarget section */
		D8526217258AD48800E4B934 /* MortgageCalculator */ = {
			isa = PBXNativeTarget;
			buildConfigurationList = D8526242258AD48900E4B934 /* Build configuration list for PBXNativeTarget "MortgageCalculator" */;
			buildPhases = (
				D8526214258AD48800E4B934 /* Sources */,
				D8526215258AD48800E4B934 /* Frameworks */,
				D8526216258AD48800E4B934 /* Resources */,
			);
			buildRules = (
			);
			dependencies = (
			);
			name = MortgageCalculator;
			productName = MortgageCalculator;
			productReference = D8526218258AD48800E4B934 /* MortgageCalculator.app */;
			productType = "com.apple.product-type.application";
		};
		D852622D258AD48900E4B934 /* MortgageCalculatorTests */ = {
			isa = PBXNativeTarget;
			buildConfigurationList = D8526245258AD48900E4B934 /* Build configuration list for PBXNativeTarget "MortgageCalculatorTests" */;
			buildPhases = (
				D852622A258AD48900E4B934 /* Sources */,
				D852622B258AD48900E4B934 /* Frameworks */,
				D852622C258AD48900E4B934 /* Resources */,
			);
			buildRules = (
			);
			dependencies = (
				D8526230258AD48900E4B934 /* PBXTargetDependency */,
			);
			name = MortgageCalculatorTests;
			productName = MortgageCalculatorTests;
			productReference = D852622E258AD48900E4B934 /* MortgageCalculatorTests.xctest */;
			productType = "com.apple.product-type.bundle.unit-test";
		};
		D8526238258AD48900E4B934 /* MortgageCalculatorUITests */ = {
			isa = PBXNativeTarget;
			buildConfigurationList = D8526248258AD48900E4B934 /* Build configuration list for PBXNativeTarget "MortgageCalculatorUITests" */;
			buildPhases = (
				D8526235258AD48900E4B934 /* Sources */,
				D8526236258AD48900E4B934 /* Frameworks */,
				D8526237258AD48900E4B934 /* Resources */,
			);
			buildRules = (
			);
			dependencies = (
				D852623B258AD48900E4B934 /* PBXTargetDependency */,
			);
			name = MortgageCalculatorUITests;
			productName = MortgageCalculatorUITests;
			productReference = D8526239258AD48900E4B934 /* MortgageCalculatorUITests.xctest */;
			productType = "com.apple.product-type.bundle.ui-testing";
		};
/* End PBXNativeTarget section */

/* Begin PBXProject section */
		D8526210258AD48800E4B934 /* Project object */ = {
			isa = PBXProject;
			attributes = {
				LastSwiftUpdateCheck = 1170;
				LastUpgradeCheck = 1230;
				ORGANIZATIONNAME = mac08;
				TargetAttributes = {
					D8526217258AD48800E4B934 = {
						CreatedOnToolsVersion = 11.7;
					};
					D852622D258AD48900E4B934 = {
						CreatedOnToolsVersion = 11.7;
						TestTargetID = D8526217258AD48800E4B934;
					};
					D8526238258AD48900E4B934 = {
						CreatedOnToolsVersion = 11.7;
						TestTargetID = D8526217258AD48800E4B934;
					};
				};
			};
			buildConfigurationList = D8526213258AD48800E4B934 /* Build configuration list for PBXProject "MortgageCalculator" */;
			compatibilityVersion = "Xcode 9.3";
			developmentRegion = en;
			hasScannedForEncodings = 0;
			knownRegions = (
				en,
				Base,
			);
			mainGroup = D852620F258AD48800E4B934;
			productRefGroup = D8526219258AD48800E4B934 /* Products */;
			projectDirPath = "";
			projectRoot = "";
			targets = (
				D8526217258AD48800E4B934 /* MortgageCalculator */,
				D852622D258AD48900E4B934 /* MortgageCalculatorTests */,
				D8526238258AD48900E4B934 /* MortgageCalculatorUITests */,
			);
		};
/* End PBXProject section */

/* Begin PBXResourcesBuildPhase section */
		D8526216258AD48800E4B934 /* Resources */ = {
			isa = PBXResourcesBuildPhase;
			buildActionMask = 2147483647;
			files = (
				D8526228258AD48900E4B934 /* LaunchScreen.storyboard in Resources */,
				D8526225258AD48900E4B934 /* Assets.xcassets in Resources */,
				D8526223258AD48800E4B934 /* Main.storyboard in Resources */,
			);
			runOnlyForDeploymentPostprocessing = 0;
		};
		D852622C258AD48900E4B934 /* Resources */ = {
			isa = PBXResourcesBuildPhase;
			buildActionMask = 2147483647;
			files = (
			);
			runOnlyForDeploymentPostprocessing = 0;
		};
		D8526237258AD48900E4B934 /* Resources */ = {
			isa = PBXResourcesBuildPhase;
			buildActionMask = 2147483647;
			files = (
			);
			runOnlyForDeploymentPostprocessing = 0;
		};
/* End PBXResourcesBuildPhase section */

/* Begin PBXSourcesBuildPhase section */
		D8526214258AD48800E4B934 /* Sources */ = {
			isa = PBXSourcesBuildPhase;
			buildActionMask = 2147483647;
			files = (
				D852624F258B01AA00E4B934 /* Mortgage.swift in Sources */,
				D8526220258AD48800E4B934 /* ViewController.swift in Sources */,
				D852621C258AD48800E4B934 /* AppDelegate.swift in Sources */,
				D852624D258B008400E4B934 /* Collateral.swift in Sources */,
				D852621E258AD48800E4B934 /* SceneDelegate.swift in Sources */,
			);
			runOnlyForDeploymentPostprocessing = 0;
		};
		D852622A258AD48900E4B934 /* Sources */ = {
			isa = PBXSourcesBuildPhase;
			buildActionMask = 2147483647;
			files = (
				D8526233258AD48900E4B934 /* MortgageCalculatorTests.swift in Sources */,
			);
			runOnlyForDeploymentPostprocessing = 0;
		};
		D8526235258AD48900E4B934 /* Sources */ = {
			isa = PBXSourcesBuildPhase;
			buildActionMask = 2147483647;
			files = (
				D852623E258AD48900E4B934 /* MortgageCalculatorUITests.swift in Sources */,
			);
			runOnlyForDeploymentPostprocessing = 0;
		};
/* End PBXSourcesBuildPhase section */

/* Begin PBXTargetDependency section */
		D8526230258AD48900E4B934 /* PBXTargetDependency */ = {
			isa = PBXTargetDependency;
			target = D8526217258AD48800E4B934 /* MortgageCalculator */;
			targetProxy = D852622F258AD48900E4B934 /* PBXContainerItemProxy */;
		};
		D852623B258AD48900E4B934 /* PBXTargetDependency */ = {
			isa = PBXTargetDependency;
			target = D8526217258AD48800E4B934 /* MortgageCalculator */;
			targetProxy = D852623A258AD48900E4B934 /* PBXContainerItemProxy */;
		};
/* End PBXTargetDependency section */

/* Begin PBXVariantGroup section */
		D8526221258AD48800E4B934 /* Main.storyboard */ = {
			isa = PBXVariantGroup;
			children = (
				D8526222258AD48800E4B934 /* Base */,
			);
			name = Main.storyboard;
			sourceTree = "<group>";
		};
		D8526226258AD48900E4B934 /* LaunchScreen.storyboard */ = {
			isa = PBXVariantGroup;
			children = (
				D8526227258AD48900E4B934 /* Base */,
			);
			name = LaunchScreen.storyboard;
			sourceTree = "<group>";
		};
/* End PBXVariantGroup section */

/* Begin XCBuildConfiguration section */
		D8526240258AD48900E4B934 /* Debug */ = {
			isa = XCBuildConfiguration;
			buildSettings = {
				ALWAYS_SEARCH_USER_PATHS = NO;
				CLANG_ANALYZER_NONNULL = YES;
				CLANG_ANALYZER_NUMBER_OBJECT_CONVERSION = YES_AGGRESSIVE;
				CLANG_CXX_LANGUAGE_STANDARD = "gnu++14";
				CLANG_CXX_LIBRARY = "libc++";
				CLANG_ENABLE_MODULES = YES;
				CLANG_ENABLE_OBJC_ARC = YES;
				CLANG_ENABLE_OBJC_WEAK = YES;
				CLANG_WARN_BLOCK_CAPTURE_AUTORELEASING = YES;
				CLANG_WARN_BOOL_CONVERSION = YES;
				CLANG_WARN_COMMA = YES;
				CLANG_WARN_CONSTANT_CONVERSION = YES;
				CLANG_WARN_DEPRECATED_OBJC_IMPLEMENTATIONS = YES;
				CLANG_WARN_DIRECT_OBJC_ISA_USAGE = YES_ERROR;
				CLANG_WARN_DOCUMENTATION_COMMENTS = YES;
				CLANG_WARN_EMPTY_BODY = YES;
				CLANG_WARN_ENUM_CONVERSION = YES;
				CLANG_WARN_INFINITE_RECURSION = YES;
				CLANG_WARN_INT_CONVERSION = YES;
				CLANG_WARN_NON_LITERAL_NULL_CONVERSION = YES;
				CLANG_WARN_OBJC_IMPLICIT_RETAIN_SELF = YES;
				CLANG_WARN_OBJC_LITERAL_CONVERSION = YES;
				CLANG_WARN_OBJC_ROOT_CLASS = YES_ERROR;
				CLANG_WARN_QUOTED_INCLUDE_IN_FRAMEWORK_HEADER = YES;
				CLANG_WARN_RANGE_LOOP_ANALYSIS = YES;
				CLANG_WARN_STRICT_PROTOTYPES = YES;
				CLANG_WARN_SUSPICIOUS_MOVE = YES;
				CLANG_WARN_UNGUARDED_AVAILABILITY = YES_AGGRESSIVE;
				CLANG_WARN_UNREACHABLE_CODE = YES;
				CLANG_WARN__DUPLICATE_METHOD_MATCH = YES;
				COPY_PHASE_STRIP = NO;
				DEBUG_INFORMATION_FORMAT = dwarf;
				ENABLE_STRICT_OBJC_MSGSEND = YES;
				ENABLE_TESTABILITY = YES;
				GCC_C_LANGUAGE_STANDARD = gnu11;
				GCC_DYNAMIC_NO_PIC = NO;
				GCC_NO_COMMON_BLOCKS = YES;
				GCC_OPTIMIZATION_LEVEL = 0;
				GCC_PREPROCESSOR_DEFINITIONS = (
					"DEBUG=1",
					"$(inherited)",
				);
				GCC_WARN_64_TO_32_BIT_CONVERSION = YES;
				GCC_WARN_ABOUT_RETURN_TYPE = YES_ERROR;
				GCC_WARN_UNDECLARED_SELECTOR = YES;
				GCC_WARN_UNINITIALIZED_AUTOS = YES_AGGRESSIVE;
				GCC_WARN_UNUSED_FUNCTION = YES;
				GCC_WARN_UNUSED_VARIABLE = YES;
				IPHONEOS_DEPLOYMENT_TARGET = 14.3;
				MTL_ENABLE_DEBUG_INFO = INCLUDE_SOURCE;
				MTL_FAST_MATH = YES;
				ONLY_ACTIVE_ARCH = YES;
				SDKROOT = iphoneos;
				SWIFT_ACTIVE_COMPILATION_CONDITIONS = DEBUG;
				SWIFT_OPTIMIZATION_LEVEL = "-Onone";
			};
			name = Debug;
		};
		D8526241258AD48900E4B934 /* Release */ = {
			isa = XCBuildConfiguration;
			buildSettings = {
				ALWAYS_SEARCH_USER_PATHS = NO;
				CLANG_ANALYZER_NONNULL = YES;
				CLANG_ANALYZER_NUMBER_OBJECT_CONVERSION = YES_AGGRESSIVE;
				CLANG_CXX_LANGUAGE_STANDARD = "gnu++14";
				CLANG_CXX_LIBRARY = "libc++";
				CLANG_ENABLE_MODULES = YES;
				CLANG_ENABLE_OBJC_ARC = YES;
				CLANG_ENABLE_OBJC_WEAK = YES;
				CLANG_WARN_BLOCK_CAPTURE_AUTORELEASING = YES;
				CLANG_WARN_BOOL_CONVERSION = YES;
				CLANG_WARN_COMMA = YES;
				CLANG_WARN_CONSTANT_CONVERSION = YES;
				CLANG_WARN_DEPRECATED_OBJC_IMPLEMENTATIONS = YES;
				CLANG_WARN_DIRECT_OBJC_ISA_USAGE = YES_ERROR;
				CLANG_WARN_DOCUMENTATION_COMMENTS = YES;
				CLANG_WARN_EMPTY_BODY = YES;
				CLANG_WARN_ENUM_CONVERSION = YES;
				CLANG_WARN_INFINITE_RECURSION = YES;
				CLANG_WARN_INT_CONVERSION = YES;
				CLANG_WARN_NON_LITERAL_NULL_CONVERSION = YES;
				CLANG_WARN_OBJC_IMPLICIT_RETAIN_SELF = YES;
				CLANG_WARN_OBJC_LITERAL_CONVERSION = YES;
				CLANG_WARN_OBJC_ROOT_CLASS = YES_ERROR;
				CLANG_WARN_QUOTED_INCLUDE_IN_FRAMEWORK_HEADER = YES;
				CLANG_WARN_RANGE_LOOP_ANALYSIS = YES;
				CLANG_WARN_STRICT_PROTOTYPES = YES;
				CLANG_WARN_SUSPICIOUS_MOVE = YES;
				CLANG_WARN_UNGUARDED_AVAILABILITY = YES_AGGRESSIVE;
				CLANG_WARN_UNREACHABLE_CODE = YES;
				CLANG_WARN__DUPLICATE_METHOD_MATCH = YES;
				COPY_PHASE_STRIP = NO;
				DEBUG_INFORMATION_FORMAT = "dwarf-with-dsym";
				ENABLE_NS_ASSERTIONS = NO;
				ENABLE_STRICT_OBJC_MSGSEND = YES;
				GCC_C_LANGUAGE_STANDARD = gnu11;
				GCC_NO_COMMON_BLOCKS = YES;
				GCC_WARN_64_TO_32_BIT_CONVERSION = YES;
				GCC_WARN_ABOUT_RETURN_TYPE = YES_ERROR;
				GCC_WARN_UNDECLARED_SELECTOR = YES;
				GCC_WARN_UNINITIALIZED_AUTOS = YES_AGGRESSIVE;
				GCC_WARN_UNUSED_FUNCTION = YES;
				GCC_WARN_UNUSED_VARIABLE = YES;
				IPHONEOS_DEPLOYMENT_TARGET = 14.3;
				MTL_ENABLE_DEBUG_INFO = NO;
				MTL_FAST_MATH = YES;
				SDKROOT = iphoneos;
				SWIFT_COMPILATION_MODE = wholemodule;
				SWIFT_OPTIMIZATION_LEVEL = "-O";
				VALIDATE_PRODUCT = YES;
			};
			name = Release;
		};
		D8526243258AD48900E4B934 /* Debug */ = {
			isa = XCBuildConfiguration;
			buildSettings = {
				ASSETCATALOG_COMPILER_APPICON_NAME = AppIcon;
				CODE_SIGN_STYLE = Automatic;
				INFOPLIST_FILE = MortgageCalculator/Info.plist;
				LD_RUNPATH_SEARCH_PATHS = (
					"$(inherited)",
					"@executable_path/Frameworks",
				);
				PRODUCT_BUNDLE_IDENTIFIER = test.MortgageCalculator;
				PRODUCT_NAME = "$(TARGET_NAME)";
				SWIFT_VERSION = 5.0;
				TARGETED_DEVICE_FAMILY = "1,2";
			};
			name = Debug;
		};
		D8526244258AD48900E4B934 /* Release */ = {
			isa = XCBuildConfiguration;
			buildSettings = {
				ASSETCATALOG_COMPILER_APPICON_NAME = AppIcon;
				CODE_SIGN_STYLE = Automatic;
				INFOPLIST_FILE = MortgageCalculator/Info.plist;
				LD_RUNPATH_SEARCH_PATHS = (
					"$(inherited)",
					"@executable_path/Frameworks",
				);
				PRODUCT_BUNDLE_IDENTIFIER = test.MortgageCalculator;
				PRODUCT_NAME = "$(TARGET_NAME)";
				SWIFT_VERSION = 5.0;
				TARGETED_DEVICE_FAMILY = "1,2";
			};
			name = Release;
		};
		D8526246258AD48900E4B934 /* Debug */ = {
			isa = XCBuildConfiguration;
			buildSettings = {
				ALWAYS_EMBED_SWIFT_STANDARD_LIBRARIES = YES;
				BUNDLE_LOADER = "$(TEST_HOST)";
				CODE_SIGN_STYLE = Automatic;
				INFOPLIST_FILE = MortgageCalculatorTests/Info.plist;
				IPHONEOS_DEPLOYMENT_TARGET = 13.7;
				LD_RUNPATH_SEARCH_PATHS = (
					"$(inherited)",
					"@executable_path/Frameworks",
					"@loader_path/Frameworks",
				);
				PRODUCT_BUNDLE_IDENTIFIER = test.MortgageCalculatorTests;
				PRODUCT_NAME = "$(TARGET_NAME)";
				SWIFT_VERSION = 5.0;
				TARGETED_DEVICE_FAMILY = "1,2";
				TEST_HOST = "$(BUILT_PRODUCTS_DIR)/MortgageCalculator.app/MortgageCalculator";
			};
			name = Debug;
		};
		D8526247258AD48900E4B934 /* Release */ = {
			isa = XCBuildConfiguration;
			buildSettings = {
				ALWAYS_EMBED_SWIFT_STANDARD_LIBRARIES = YES;
				BUNDLE_LOADER = "$(TEST_HOST)";
				CODE_SIGN_STYLE = Automatic;
				INFOPLIST_FILE = MortgageCalculatorTests/Info.plist;
				IPHONEOS_DEPLOYMENT_TARGET = 13.7;
				LD_RUNPATH_SEARCH_PATHS = (
					"$(inherited)",
					"@executable_path/Frameworks",
					"@loader_path/Frameworks",
				);
				PRODUCT_BUNDLE_IDENTIFIER = test.MortgageCalculatorTests;
				PRODUCT_NAME = "$(TARGET_NAME)";
				SWIFT_VERSION = 5.0;
				TARGETED_DEVICE_FAMILY = "1,2";
				TEST_HOST = "$(BUILT_PRODUCTS_DIR)/MortgageCalculator.app/MortgageCalculator";
			};
			name = Release;
		};
		D8526249258AD48900E4B934 /* Debug */ = {
			isa = XCBuildConfiguration;
			buildSettings = {
				ALWAYS_EMBED_SWIFT_STANDARD_LIBRARIES = YES;
				CODE_SIGN_STYLE = Automatic;
				INFOPLIST_FILE = MortgageCalculatorUITests/Info.plist;
				LD_RUNPATH_SEARCH_PATHS = (
					"$(inherited)",
					"@executable_path/Frameworks",
					"@loader_path/Frameworks",
				);
				PRODUCT_BUNDLE_IDENTIFIER = test.MortgageCalculatorUITests;
				PRODUCT_NAME = "$(TARGET_NAME)";
				SWIFT_VERSION = 5.0;
				TARGETED_DEVICE_FAMILY = "1,2";
				TEST_TARGET_NAME = MortgageCalculator;
			};
			name = Debug;
		};
		D852624A258AD48900E4B934 /* Release */ = {
			isa = XCBuildConfiguration;
			buildSettings = {
				ALWAYS_EMBED_SWIFT_STANDARD_LIBRARIES = YES;
				CODE_SIGN_STYLE = Automatic;
				INFOPLIST_FILE = MortgageCalculatorUITests/Info.plist;
				LD_RUNPATH_SEARCH_PATHS = (
					"$(inherited)",
					"@executable_path/Frameworks",
					"@loader_path/Frameworks",
				);
				PRODUCT_BUNDLE_IDENTIFIER = test.MortgageCalculatorUITests;
				PRODUCT_NAME = "$(TARGET_NAME)";
				SWIFT_VERSION = 5.0;
				TARGETED_DEVICE_FAMILY = "1,2";
				TEST_TARGET_NAME = MortgageCalculator;
			};
			name = Release;
		};
/* End XCBuildConfiguration section */

/* Begin XCConfigurationList section */
		D8526213258AD48800E4B934 /* Build configuration list for PBXProject "MortgageCalculator" */ = {
			isa = XCConfigurationList;
			buildConfigurations = (
				D8526240258AD48900E4B934 /* Debug */,
				D8526241258AD48900E4B934 /* Release */,
			);
			defaultConfigurationIsVisible = 0;
			defaultConfigurationName = Release;
		};
		D8526242258AD48900E4B934 /* Build configuration list for PBXNativeTarget "MortgageCalculator" */ = {
			isa = XCConfigurationList;
			buildConfigurations = (
				D8526243258AD48900E4B934 /* Debug */,
				D8526244258AD48900E4B934 /* Release */,
			);
			defaultConfigurationIsVisible = 0;
			defaultConfigurationName = Release;
		};
		D8526245258AD48900E4B934 /* Build configuration list for PBXNativeTarget "MortgageCalculatorTests" */ = {
			isa = XCConfigurationList;
			buildConfigurations = (
				D8526246258AD48900E4B934 /* Debug */,
				D8526247258AD48900E4B934 /* Release */,
			);
			defaultConfigurationIsVisible = 0;
			defaultConfigurationName = Release;
		};
		D8526248258AD48900E4B934 /* Build configuration list for PBXNativeTarget "MortgageCalculatorUITests" */ = {
			isa = XCConfigurationList;
			buildConfigurations = (
				D8526249258AD48900E4B934 /* Debug */,
				D852624A258AD48900E4B934 /* Release */,
			);
			defaultConfigurationIsVisible = 0;
			defaultConfigurationName = Release;
		};
/* End XCConfigurationList section */
	};
	rootObject = D8526210258AD48800E4B934 /* Project object */;
}
